
Microsoft Visual Studio Solution File, Format Version 12.00
# Visual Studio 15
VisualStudioVersion = 15.0.28307.489
MinimumVisualStudioVersion = 10.0.40219.1
Project("{FAE04EC0-301F-11D3-BF4B-00C04F79EFBC}") = "CGMParser", "CGMParser.csproj", "{35E9F36F-BEDE-4EE2-8477-A68EDAD48EC5}"
EndProject
Project("{FAE04EC0-301F-11D3-BF4B-00C04F79EFBC}") = "CGMParserTests1", "..\CGMParserTests1\CGMParserTests1.csproj", "{7910CA4B-6DF4-4D90-8834-F056A0D01BDC}"
EndProject
Global
	GlobalSection(SolutionConfigurationPlatforms) = preSolution
		Debug|Any CPU = Debug|Any CPU
		Release|Any CPU = Release|Any CPU
	EndGlobalSection
	GlobalSection(ProjectConfigurationPlatforms) = postSolution
		{35E9F36F-BEDE-4EE2-8477-A68EDAD48EC5}.Debug|Any CPU.ActiveCfg = Debug|Any CPU
		{35E9F36F-BEDE-4EE2-8477-A68EDAD48EC5}.Debug|Any CPU.Build.0 = Debug|Any CPU
		{35E9F36F-BEDE-4EE2-8477-A68EDAD48EC5}.Release|Any CPU.ActiveCfg = Release|Any CPU
		{35E9F36F-BEDE-4EE2-8477-A68EDAD48EC5}.Release|Any CPU.Build.0 = Release|Any CPU
		{7910CA4B-6DF4-4D90-8834-F056A0D01BDC}.Debug|Any CPU.ActiveCfg = Debug|Any CPU
		{7910CA4B-6DF4-4D90-8834-F056A0D01BDC}.Debug|Any CPU.Build.0 = Debug|Any CPU
		{7910CA4B-6DF4-4D90-8834-F056A0D01BDC}.Release|Any CPU.ActiveCfg = Release|Any CPU
		{7910CA4B-6DF4-4D90-8834-F056A0D01BDC}.Release|Any CPU.Build.0 = Release|Any CPU
	EndGlobalSection
	GlobalSection(SolutionProperties) = preSolution
		HideSolutionNode = FALSE
	EndGlobalSection
	GlobalSection(ExtensibilityGlobals) = postSolution
		SolutionGuid = {5074E39C-D13A-4338-808A-40F0F3275E1E}
	EndGlobalSection
EndGlobal
